{
  "version": "5",
  "specifiers": {
    "jsr:@std/dotenv@~0.225.6": "0.225.6",
    "jsr:@std/fs@^1.0.23": "1.0.23",
    "jsr:@std/internal@^1.0.12": "1.0.12",
    "jsr:@std/path@^1.1.4": "1.1.4"
  },
  "jsr": {
    "@std/dotenv@0.225.6": {
      "integrity": "1d6f9db72f565bd26790fa034c26e45ecb260b5245417be76c2279e5734c421b"
    },
    "@std/fs@1.0.23": {
      "integrity": "3ecbae4ce4fee03b180fa710caff36bb5adb66631c46a6460aaad49515565a37",
      "dependencies": [
        "jsr:@std/internal",
        "jsr:@std/path"
      ]
    },
    "@std/internal@1.0.12": {
      "integrity": "972a634fd5bc34b242024402972cd5143eac68d8dffaca5eaa4dba30ce17b027"
    },
    "@std/path@1.1.4": {
      "integrity": "1d2d43f39efb1b42f0b1882a25486647cb851481862dc7313390b2bb044314b5",
      "dependencies": [
        "jsr:@std/internal"
      ]
    }
  },
  "remote": {
    "https://esm.sh/cssfilter@0.0.10/denonext/cssfilter.mjs": "b5ae7f62a29887d6d862be88985691715d6013d58ca91d10bebe5cb739c48752",
    "https://esm.sh/lz-string@1.5.0": "dea8909e240e2de1893fbd1b5740570560bae6ceda48e584b57d6728b51910fc",
    "https://esm.sh/lz-string@1.5.0/denonext/lz-string.mjs": "da6534c823ee0bc2dd45b0c95fbd106f2b6a2db9791a5ac885ad60c61313cedd",
    "https://esm.sh/marked@17.0.4": "77ae087992f72b63b00cc4aec7473aa93b2874ff4faba71c64dddbed16cf8167",
    "https://esm.sh/marked@17.0.4/denonext/marked.mjs": "dd3bdedd6a2750a31984c0da5184c8208a4b6e92cab58dd8db5e9d912f8422fb",
    "https://esm.sh/xss@1.0.15": "6b43de31ca1d87c5853d0b208b5c0600bc4e3ec28ee793a3e18caa6b6a86716e",
    "https://esm.sh/xss@1.0.15/denonext/xss.mjs": "d660763f5b0c7cdeed1499e01acc51a72f3e16f017ff478a48e0785b9fe838ff"
  },
  "workspace": {
    "dependencies": [
      "jsr:@std/dotenv@~0.225.6",
      "jsr:@std/fs@^1.0.23",
      "jsr:@std/path@^1.1.4"
    ]
  }
}
